// !$*UTF8*$!
{
	archiveVersion = 1;
	classes = {
	};
	objectVersion = 46;
	objects = {

/* Begin PBXAggregateTarget section */
		FA430AC01C077EF000D38567 /* APOperations-Universal */ = {
			isa = PBXAggregateTarget;
			buildConfigurationList = FA430AC11C077EF000D38567 /* Build configuration list for PBXAggregateTarget "APOperations-Universal" */;
			buildPhases = (
				FA430AC41C077EFA00D38567 /* ShellScript */,
			);
			dependencies = (
			);
			name = "APOperations-Universal";
			productName = "APOperations-Universal";
		};
/* End PBXAggregateTarget section */

/* Begin PBXBuildFile section */
		FA436DB41D6B960700D0E172 /* NSError+APOperationErrors.h in Headers */ = {isa = PBXBuildFile; fileRef = FA436DB01D6B960700D0E172 /* NSError+APOperationErrors.h */; };
		FA436DB51D6B960700D0E172 /* NSError+APOperationErrors.m in Sources */ = {isa = PBXBuildFile; fileRef = FA436DB11D6B960700D0E172 /* NSError+APOperationErrors.m */; };
		FA436DB61D6B960700D0E172 /* NSOperation+APOperation.h in Headers */ = {isa = PBXBuildFile; fileRef = FA436DB21D6B960700D0E172 /* NSOperation+APOperation.h */; };
		FA436DB71D6B960700D0E172 /* NSOperation+APOperation.m in Sources */ = {isa = PBXBuildFile; fileRef = FA436DB31D6B960700D0E172 /* NSOperation+APOperation.m */; };
		FA436DE91D6B963400D0E172 /* APInvalidInitializerMacro.h in Headers */ = {isa = PBXBuildFile; fileRef = FA436DB81D6B963400D0E172 /* APInvalidInitializerMacro.h */; };
		FA436DEA1D6B963400D0E172 /* APOperations.h in Headers */ = {isa = PBXBuildFile; fileRef = FA436DB91D6B963400D0E172 /* APOperations.h */; };
		FA436DEB1D6B963400D0E172 /* APCalendarCondition.h in Headers */ = {isa = PBXBuildFile; fileRef = FA436DBB1D6B963400D0E172 /* APCalendarCondition.h */; };
		FA436DEC1D6B963400D0E172 /* APCalendarCondition.m in Sources */ = {isa = PBXBuildFile; fileRef = FA436DBC1D6B963400D0E172 /* APCalendarCondition.m */; };
		FA436DED1D6B963400D0E172 /* APLocationCondition.h in Headers */ = {isa = PBXBuildFile; fileRef = FA436DBD1D6B963400D0E172 /* APLocationCondition.h */; };
		FA436DEE1D6B963400D0E172 /* APLocationCondition.m in Sources */ = {isa = PBXBuildFile; fileRef = FA436DBE1D6B963400D0E172 /* APLocationCondition.m */; };
		FA436DEF1D6B963400D0E172 /* APMutuallyExclusiveCondition.h in Headers */ = {isa = PBXBuildFile; fileRef = FA436DBF1D6B963400D0E172 /* APMutuallyExclusiveCondition.h */; };
		FA436DF01D6B963400D0E172 /* APMutuallyExclusiveCondition.m in Sources */ = {isa = PBXBuildFile; fileRef = FA436DC01D6B963400D0E172 /* APMutuallyExclusiveCondition.m */; };
		FA436DF11D6B963400D0E172 /* APOperationCondition.h in Headers */ = {isa = PBXBuildFile; fileRef = FA436DC11D6B963400D0E172 /* APOperationCondition.h */; };
		FA436DF21D6B963400D0E172 /* APOperationConditionEvaluator.h in Headers */ = {isa = PBXBuildFile; fileRef = FA436DC21D6B963400D0E172 /* APOperationConditionEvaluator.h */; };
		FA436DF31D6B963400D0E172 /* APOperationConditionEvaluator.m in Sources */ = {isa = PBXBuildFile; fileRef = FA436DC31D6B963400D0E172 /* APOperationConditionEvaluator.m */; };
		FA436DF41D6B963400D0E172 /* APReachabilityCondition.h in Headers */ = {isa = PBXBuildFile; fileRef = FA436DC41D6B963400D0E172 /* APReachabilityCondition.h */; };
		FA436DF51D6B963400D0E172 /* APReachabilityCondition.m in Sources */ = {isa = PBXBuildFile; fileRef = FA436DC51D6B963400D0E172 /* APReachabilityCondition.m */; };
		FA436DF61D6B963400D0E172 /* APExclusivityController.h in Headers */ = {isa = PBXBuildFile; fileRef = FA436DC71D6B963400D0E172 /* APExclusivityController.h */; };
		FA436DF71D6B963400D0E172 /* APExclusivityController.m in Sources */ = {isa = PBXBuildFile; fileRef = FA436DC81D6B963400D0E172 /* APExclusivityController.m */; };
		FA436DF81D6B963400D0E172 /* APNetworkIndicatorController.h in Headers */ = {isa = PBXBuildFile; fileRef = FA436DC91D6B963400D0E172 /* APNetworkIndicatorController.h */; };
		FA436DF91D6B963400D0E172 /* APNetworkIndicatorController.m in Sources */ = {isa = PBXBuildFile; fileRef = FA436DCA1D6B963400D0E172 /* APNetworkIndicatorController.m */; };
		FA436DFA1D6B963400D0E172 /* APReachabilityController.h in Headers */ = {isa = PBXBuildFile; fileRef = FA436DCB1D6B963400D0E172 /* APReachabilityController.h */; };
		FA436DFB1D6B963400D0E172 /* APReachabilityController.m in Sources */ = {isa = PBXBuildFile; fileRef = FA436DCC1D6B963400D0E172 /* APReachabilityController.m */; };
		FA436DFC1D6B963400D0E172 /* APBackgroundObserver.h in Headers */ = {isa = PBXBuildFile; fileRef = FA436DCE1D6B963400D0E172 /* APBackgroundObserver.h */; };
		FA436DFD1D6B963400D0E172 /* APBackgroundObserver.m in Sources */ = {isa = PBXBuildFile; fileRef = FA436DCF1D6B963400D0E172 /* APBackgroundObserver.m */; };
		FA436DFE1D6B963400D0E172 /* APBlockObserver.h in Headers */ = {isa = PBXBuildFile; fileRef = FA436DD01D6B963400D0E172 /* APBlockObserver.h */; };
		FA436DFF1D6B963400D0E172 /* APBlockObserver.m in Sources */ = {isa = PBXBuildFile; fileRef = FA436DD11D6B963400D0E172 /* APBlockObserver.m */; };
		FA436E001D6B963400D0E172 /* APNetworkObserver.h in Headers */ = {isa = PBXBuildFile; fileRef = FA436DD21D6B963400D0E172 /* APNetworkObserver.h */; };
		FA436E011D6B963400D0E172 /* APNetworkObserver.m in Sources */ = {isa = PBXBuildFile; fileRef = FA436DD31D6B963400D0E172 /* APNetworkObserver.m */; };
		FA436E021D6B963400D0E172 /* APOperationObserver.h in Headers */ = {isa = PBXBuildFile; fileRef = FA436DD41D6B963400D0E172 /* APOperationObserver.h */; };
		FA436E031D6B963400D0E172 /* APTimeoutObserver.h in Headers */ = {isa = PBXBuildFile; fileRef = FA436DD51D6B963400D0E172 /* APTimeoutObserver.h */; };
		FA436E041D6B963400D0E172 /* APTimeoutObserver.m in Sources */ = {isa = PBXBuildFile; fileRef = FA436DD61D6B963400D0E172 /* APTimeoutObserver.m */; };
		FA436E051D6B963400D0E172 /* APOperationQueue.h in Headers */ = {isa = PBXBuildFile; fileRef = FA436DD81D6B963400D0E172 /* APOperationQueue.h */; };
		FA436E061D6B963400D0E172 /* APOperationQueue.m in Sources */ = {isa = PBXBuildFile; fileRef = FA436DD91D6B963400D0E172 /* APOperationQueue.m */; };
		FA436E071D6B963400D0E172 /* APAlertOperation.h in Headers */ = {isa = PBXBuildFile; fileRef = FA436DDB1D6B963400D0E172 /* APAlertOperation.h */; };
		FA436E081D6B963400D0E172 /* APAlertOperation.m in Sources */ = {isa = PBXBuildFile; fileRef = FA436DDC1D6B963400D0E172 /* APAlertOperation.m */; };
		FA436E091D6B963400D0E172 /* APBlockOperation.h in Headers */ = {isa = PBXBuildFile; fileRef = FA436DDD1D6B963400D0E172 /* APBlockOperation.h */; };
		FA436E0A1D6B963400D0E172 /* APBlockOperation.m in Sources */ = {isa = PBXBuildFile; fileRef = FA436DDE1D6B963400D0E172 /* APBlockOperation.m */; };
		FA436E0B1D6B963400D0E172 /* APDelayOperation.h in Headers */ = {isa = PBXBuildFile; fileRef = FA436DDF1D6B963400D0E172 /* APDelayOperation.h */; };
		FA436E0C1D6B963400D0E172 /* APDelayOperation.m in Sources */ = {isa = PBXBuildFile; fileRef = FA436DE01D6B963400D0E172 /* APDelayOperation.m */; };
		FA436E0D1D6B963400D0E172 /* APGroupOperation.h in Headers */ = {isa = PBXBuildFile; fileRef = FA436DE11D6B963400D0E172 /* APGroupOperation.h */; };
		FA436E0E1D6B963400D0E172 /* APGroupOperation.m in Sources */ = {isa = PBXBuildFile; fileRef = FA436DE21D6B963400D0E172 /* APGroupOperation.m */; };
		FA436E0F1D6B963400D0E172 /* APLocationOperation.h in Headers */ = {isa = PBXBuildFile; fileRef = FA436DE31D6B963400D0E172 /* APLocationOperation.h */; };
		FA436E101D6B963400D0E172 /* APLocationOperation.m in Sources */ = {isa = PBXBuildFile; fileRef = FA436DE41D6B963400D0E172 /* APLocationOperation.m */; };
		FA436E111D6B963400D0E172 /* APNetworkOperation.h in Headers */ = {isa = PBXBuildFile; fileRef = FA436DE51D6B963400D0E172 /* APNetworkOperation.h */; };
		FA436E121D6B963400D0E172 /* APNetworkOperation.m in Sources */ = {isa = PBXBuildFile; fileRef = FA436DE61D6B963400D0E172 /* APNetworkOperation.m */; };
		FA436E131D6B963400D0E172 /* APOperation.h in Headers */ = {isa = PBXBuildFile; fileRef = FA436DE71D6B963400D0E172 /* APOperation.h */; };
		FA436E141D6B963400D0E172 /* APOperation.m in Sources */ = {isa = PBXBuildFile; fileRef = FA436DE81D6B963400D0E172 /* APOperation.m */; };
		FAAAF4701C08C6390008E8A6 /* APWaitOperation.m in Sources */ = {isa = PBXBuildFile; fileRef = FAAAF46F1C08C6390008E8A6 /* APWaitOperation.m */; };
		FAE1BAA81C0811010033CF49 /* APOperationsTests.m in Sources */ = {isa = PBXBuildFile; fileRef = FAE1BAA71C0811010033CF49 /* APOperationsTests.m */; };
		FAE1BAAA1C0811010033CF49 /* APOperations.framework in Frameworks */ = {isa = PBXBuildFile; fileRef = FA0A6A381BEA4FE300FC516E /* APOperations.framework */; };
		FAE1BAB31C0812480033CF49 /* APTestCondition.m in Sources */ = {isa = PBXBuildFile; fileRef = FAE1BAB21C0812480033CF49 /* APTestCondition.m */; };
		FAE1BAB61C0813E30033CF49 /* APTestObserver.m in Sources */ = {isa = PBXBuildFile; fileRef = FAE1BAB51C0813E30033CF49 /* APTestObserver.m */; };
/* End PBXBuildFile section */

/* Begin PBXContainerItemProxy section */
		FAE1BAAB1C0811010033CF49 /* PBXContainerItemProxy */ = {
			isa = PBXContainerItemProxy;
			containerPortal = FA0A6A2F1BEA4FE300FC516E /* Project object */;
			proxyType = 1;
			remoteGlobalIDString = FA0A6A371BEA4FE300FC516E;
			remoteInfo = APOperations;
		};
/* End PBXContainerItemProxy section */

/* Begin PBXFileReference section */
		FA0A6A381BEA4FE300FC516E /* APOperations.framework */ = {isa = PBXFileReference; explicitFileType = wrapper.framework; includeInIndex = 0; path = APOperations.framework; sourceTree = BUILT_PRODUCTS_DIR; };
		FA0A6A3D1BEA4FE300FC516E /* Info.plist */ = {isa = PBXFileReference; lastKnownFileType = text.plist.xml; path = Info.plist; sourceTree = "<group>"; };
		FA436DB01D6B960700D0E172 /* NSError+APOperationErrors.h */ = {isa = PBXFileReference; fileEncoding = 4; lastKnownFileType = sourcecode.c.h; path = "NSError+APOperationErrors.h"; sourceTree = "<group>"; };
		FA436DB11D6B960700D0E172 /* NSError+APOperationErrors.m */ = {isa = PBXFileReference; fileEncoding = 4; lastKnownFileType = sourcecode.c.objc; path = "NSError+APOperationErrors.m"; sourceTree = "<group>"; };
		FA436DB21D6B960700D0E172 /* NSOperation+APOperation.h */ = {isa = PBXFileReference; fileEncoding = 4; lastKnownFileType = sourcecode.c.h; path = "NSOperation+APOperation.h"; sourceTree = "<group>"; };
		FA436DB31D6B960700D0E172 /* NSOperation+APOperation.m */ = {isa = PBXFileReference; fileEncoding = 4; lastKnownFileType = sourcecode.c.objc; path = "NSOperation+APOperation.m"; sourceTree = "<group>"; };
		FA436DB81D6B963400D0E172 /* APInvalidInitializerMacro.h */ = {isa = PBXFileReference; fileEncoding = 4; lastKnownFileType = sourcecode.c.h; path = APInvalidInitializerMacro.h; sourceTree = "<group>"; };
		FA436DB91D6B963400D0E172 /* APOperations.h */ = {isa = PBXFileReference; fileEncoding = 4; lastKnownFileType = sourcecode.c.h; path = APOperations.h; sourceTree = "<group>"; };
		FA436DBB1D6B963400D0E172 /* APCalendarCondition.h */ = {isa = PBXFileReference; fileEncoding = 4; lastKnownFileType = sourcecode.c.h; path = APCalendarCondition.h; sourceTree = "<group>"; };
		FA436DBC1D6B963400D0E172 /* APCalendarCondition.m */ = {isa = PBXFileReference; fileEncoding = 4; lastKnownFileType = sourcecode.c.objc; path = APCalendarCondition.m; sourceTree = "<group>"; };
		FA436DBD1D6B963400D0E172 /* APLocationCondition.h */ = {isa = PBXFileReference; fileEncoding = 4; lastKnownFileType = sourcecode.c.h; path = APLocationCondition.h; sourceTree = "<group>"; };
		FA436DBE1D6B963400D0E172 /* APLocationCondition.m */ = {isa = PBXFileReference; fileEncoding = 4; lastKnownFileType = sourcecode.c.objc; path = APLocationCondition.m; sourceTree = "<group>"; };
		FA436DBF1D6B963400D0E172 /* APMutuallyExclusiveCondition.h */ = {isa = PBXFileReference; fileEncoding = 4; lastKnownFileType = sourcecode.c.h; path = APMutuallyExclusiveCondition.h; sourceTree = "<group>"; };
		FA436DC01D6B963400D0E172 /* APMutuallyExclusiveCondition.m */ = {isa = PBXFileReference; fileEncoding = 4; lastKnownFileType = sourcecode.c.objc; path = APMutuallyExclusiveCondition.m; sourceTree = "<group>"; };
		FA436DC11D6B963400D0E172 /* APOperationCondition.h */ = {isa = PBXFileReference; fileEncoding = 4; lastKnownFileType = sourcecode.c.h; path = APOperationCondition.h; sourceTree = "<group>"; };
		FA436DC21D6B963400D0E172 /* APOperationConditionEvaluator.h */ = {isa = PBXFileReference; fileEncoding = 4; lastKnownFileType = sourcecode.c.h; path = APOperationConditionEvaluator.h; sourceTree = "<group>"; };
		FA436DC31D6B963400D0E172 /* APOperationConditionEvaluator.m */ = {isa = PBXFileReference; fileEncoding = 4; lastKnownFileType = sourcecode.c.objc; path = APOperationConditionEvaluator.m; sourceTree = "<group>"; };
		FA436DC41D6B963400D0E172 /* APReachabilityCondition.h */ = {isa = PBXFileReference; fileEncoding = 4; lastKnownFileType = sourcecode.c.h; path = APReachabilityCondition.h; sourceTree = "<group>"; };
		FA436DC51D6B963400D0E172 /* APReachabilityCondition.m */ = {isa = PBXFileReference; fileEncoding = 4; lastKnownFileType = sourcecode.c.objc; path = APReachabilityCondition.m; sourceTree = "<group>"; };
		FA436DC71D6B963400D0E172 /* APExclusivityController.h */ = {isa = PBXFileReference; fileEncoding = 4; lastKnownFileType = sourcecode.c.h; path = APExclusivityController.h; sourceTree = "<group>"; };
		FA436DC81D6B963400D0E172 /* APExclusivityController.m */ = {isa = PBXFileReference; fileEncoding = 4; lastKnownFileType = sourcecode.c.objc; path = APExclusivityController.m; sourceTree = "<group>"; };
		FA436DC91D6B963400D0E172 /* APNetworkIndicatorController.h */ = {isa = PBXFileReference; fileEncoding = 4; lastKnownFileType = sourcecode.c.h; path = APNetworkIndicatorController.h; sourceTree = "<group>"; };
		FA436DCA1D6B963400D0E172 /* APNetworkIndicatorController.m */ = {isa = PBXFileReference; fileEncoding = 4; lastKnownFileType = sourcecode.c.objc; path = APNetworkIndicatorController.m; sourceTree = "<group>"; };
		FA436DCB1D6B963400D0E172 /* APReachabilityController.h */ = {isa = PBXFileReference; fileEncoding = 4; lastKnownFileType = sourcecode.c.h; path = APReachabilityController.h; sourceTree = "<group>"; };
		FA436DCC1D6B963400D0E172 /* APReachabilityController.m */ = {isa = PBXFileReference; fileEncoding = 4; lastKnownFileType = sourcecode.c.objc; path = APReachabilityController.m; sourceTree = "<group>"; };
		FA436DCE1D6B963400D0E172 /* APBackgroundObserver.h */ = {isa = PBXFileReference; fileEncoding = 4; lastKnownFileType = sourcecode.c.h; path = APBackgroundObserver.h; sourceTree = "<group>"; };
		FA436DCF1D6B963400D0E172 /* APBackgroundObserver.m */ = {isa = PBXFileReference; fileEncoding = 4; lastKnownFileType = sourcecode.c.objc; path = APBackgroundObserver.m; sourceTree = "<group>"; };
		FA436DD01D6B963400D0E172 /* APBlockObserver.h */ = {isa = PBXFileReference; fileEncoding = 4; lastKnownFileType = sourcecode.c.h; path = APBlockObserver.h; sourceTree = "<group>"; };
		FA436DD11D6B963400D0E172 /* APBlockObserver.m */ = {isa = PBXFileReference; fileEncoding = 4; lastKnownFileType = sourcecode.c.objc; path = APBlockObserver.m; sourceTree = "<group>"; };
		FA436DD21D6B963400D0E172 /* APNetworkObserver.h */ = {isa = PBXFileReference; fileEncoding = 4; lastKnownFileType = sourcecode.c.h; path = APNetworkObserver.h; sourceTree = "<group>"; };
		FA436DD31D6B963400D0E172 /* APNetworkObserver.m */ = {isa = PBXFileReference; fileEncoding = 4; lastKnownFileType = sourcecode.c.objc; path = APNetworkObserver.m; sourceTree = "<group>"; };
		FA436DD41D6B963400D0E172 /* APOperationObserver.h */ = {isa = PBXFileReference; fileEncoding = 4; lastKnownFileType = sourcecode.c.h; path = APOperationObserver.h; sourceTree = "<group>"; };
		FA436DD51D6B963400D0E172 /* APTimeoutObserver.h */ = {isa = PBXFileReference; fileEncoding = 4; lastKnownFileType = sourcecode.c.h; path = APTimeoutObserver.h; sourceTree = "<group>"; };
		FA436DD61D6B963400D0E172 /* APTimeoutObserver.m */ = {isa = PBXFileReference; fileEncoding = 4; lastKnownFileType = sourcecode.c.objc; path = APTimeoutObserver.m; sourceTree = "<group>"; };
		FA436DD81D6B963400D0E172 /* APOperationQueue.h */ = {isa = PBXFileReference; fileEncoding = 4; lastKnownFileType = sourcecode.c.h; path = APOperationQueue.h; sourceTree = "<group>"; };
		FA436DD91D6B963400D0E172 /* APOperationQueue.m */ = {isa = PBXFileReference; fileEncoding = 4; lastKnownFileType = sourcecode.c.objc; path = APOperationQueue.m; sourceTree = "<group>"; };
		FA436DDB1D6B963400D0E172 /* APAlertOperation.h */ = {isa = PBXFileReference; fileEncoding = 4; lastKnownFileType = sourcecode.c.h; path = APAlertOperation.h; sourceTree = "<group>"; };
		FA436DDC1D6B963400D0E172 /* APAlertOperation.m */ = {isa = PBXFileReference; fileEncoding = 4; lastKnownFileType = sourcecode.c.objc; path = APAlertOperation.m; sourceTree = "<group>"; };
		FA436DDD1D6B963400D0E172 /* APBlockOperation.h */ = {isa = PBXFileReference; fileEncoding = 4; lastKnownFileType = sourcecode.c.h; path = APBlockOperation.h; sourceTree = "<group>"; };
		FA436DDE1D6B963400D0E172 /* APBlockOperation.m */ = {isa = PBXFileReference; fileEncoding = 4; lastKnownFileType = sourcecode.c.objc; path = APBlockOperation.m; sourceTree = "<group>"; };
		FA436DDF1D6B963400D0E172 /* APDelayOperation.h */ = {isa = PBXFileReference; fileEncoding = 4; lastKnownFileType = sourcecode.c.h; path = APDelayOperation.h; sourceTree = "<group>"; };
		FA436DE01D6B963400D0E172 /* APDelayOperation.m */ = {isa = PBXFileReference; fileEncoding = 4; lastKnownFileType = sourcecode.c.objc; path = APDelayOperation.m; sourceTree = "<group>"; };
		FA436DE11D6B963400D0E172 /* APGroupOperation.h */ = {isa = PBXFileReference; fileEncoding = 4; lastKnownFileType = sourcecode.c.h; path = APGroupOperation.h; sourceTree = "<group>"; };
		FA436DE21D6B963400D0E172 /* APGroupOperation.m */ = {isa = PBXFileReference; fileEncoding = 4; lastKnownFileType = sourcecode.c.objc; path = APGroupOperation.m; sourceTree = "<group>"; };
		FA436DE31D6B963400D0E172 /* APLocationOperation.h */ = {isa = PBXFileReference; fileEncoding = 4; lastKnownFileType = sourcecode.c.h; path = APLocationOperation.h; sourceTree = "<group>"; };
		FA436DE41D6B963400D0E172 /* APLocationOperation.m */ = {isa = PBXFileReference; fileEncoding = 4; lastKnownFileType = sourcecode.c.objc; path = APLocationOperation.m; sourceTree = "<group>"; };
		FA436DE51D6B963400D0E172 /* APNetworkOperation.h */ = {isa = PBXFileReference; fileEncoding = 4; lastKnownFileType = sourcecode.c.h; path = APNetworkOperation.h; sourceTree = "<group>"; };
		FA436DE61D6B963400D0E172 /* APNetworkOperation.m */ = {isa = PBXFileReference; fileEncoding = 4; lastKnownFileType = sourcecode.c.objc; path = APNetworkOperation.m; sourceTree = "<group>"; };
		FA436DE71D6B963400D0E172 /* APOperation.h */ = {isa = PBXFileReference; fileEncoding = 4; lastKnownFileType = sourcecode.c.h; path = APOperation.h; sourceTree = "<group>"; };
		FA436DE81D6B963400D0E172 /* APOperation.m */ = {isa = PBXFileReference; fileEncoding = 4; lastKnownFileType = sourcecode.c.objc; path = APOperation.m; sourceTree = "<group>"; };
		FAAAF46E1C08C6390008E8A6 /* APWaitOperation.h */ = {isa = PBXFileReference; fileEncoding = 4; lastKnownFileType = sourcecode.c.h; path = APWaitOperation.h; sourceTree = "<group>"; };
		FAAAF46F1C08C6390008E8A6 /* APWaitOperation.m */ = {isa = PBXFileReference; fileEncoding = 4; lastKnownFileType = sourcecode.c.objc; path = APWaitOperation.m; sourceTree = "<group>"; };
		FAE1BAA51C0811010033CF49 /* APOperationsTests.xctest */ = {isa = PBXFileReference; explicitFileType = wrapper.cfbundle; includeInIndex = 0; path = APOperationsTests.xctest; sourceTree = BUILT_PRODUCTS_DIR; };
		FAE1BAA71C0811010033CF49 /* APOperationsTests.m */ = {isa = PBXFileReference; lastKnownFileType = sourcecode.c.objc; path = APOperationsTests.m; sourceTree = "<group>"; };
		FAE1BAA91C0811010033CF49 /* Info.plist */ = {isa = PBXFileReference; lastKnownFileType = text.plist.xml; path = Info.plist; sourceTree = "<group>"; };
		FAE1BAB11C0812480033CF49 /* APTestCondition.h */ = {isa = PBXFileReference; fileEncoding = 4; lastKnownFileType = sourcecode.c.h; path = APTestCondition.h; sourceTree = "<group>"; };
		FAE1BAB21C0812480033CF49 /* APTestCondition.m */ = {isa = PBXFileReference; fileEncoding = 4; lastKnownFileType = sourcecode.c.objc; path = APTestCondition.m; sourceTree = "<group>"; };
		FAE1BAB41C0813E30033CF49 /* APTestObserver.h */ = {isa = PBXFileReference; fileEncoding = 4; lastKnownFileType = sourcecode.c.h; path = APTestObserver.h; sourceTree = "<group>"; };
		FAE1BAB51C0813E30033CF49 /* APTestObserver.m */ = {isa = PBXFileReference; fileEncoding = 4; lastKnownFileType = sourcecode.c.objc; path = APTestObserver.m; sourceTree = "<group>"; };
/* End PBXFileReference section */

/* Begin PBXFrameworksBuildPhase section */
		FA0A6A341BEA4FE300FC516E /* Frameworks */ = {
			isa = PBXFrameworksBuildPhase;
			buildActionMask = 2147483647;
			files = (
			);
			runOnlyForDeploymentPostprocessing = 0;
		};
		FAE1BAA21C0811010033CF49 /* Frameworks */ = {
			isa = PBXFrameworksBuildPhase;
			buildActionMask = 2147483647;
			files = (
				FAE1BAAA1C0811010033CF49 /* APOperations.framework in Frameworks */,
			);
			runOnlyForDeploymentPostprocessing = 0;
		};
/* End PBXFrameworksBuildPhase section */

/* Begin PBXGroup section */
		FA0A6A2E1BEA4FE300FC516E = {
			isa = PBXGroup;
			children = (
				FA0A6A3A1BEA4FE300FC516E /* APOperations */,
				FAE1BAA61C0811010033CF49 /* APOperationsTests */,
				FA0A6A391BEA4FE300FC516E /* Products */,
			);
			sourceTree = "<group>";
		};
		FA0A6A391BEA4FE300FC516E /* Products */ = {
			isa = PBXGroup;
			children = (
				FA0A6A381BEA4FE300FC516E /* APOperations.framework */,
				FAE1BAA51C0811010033CF49 /* APOperationsTests.xctest */,
			);
			name = Products;
			sourceTree = "<group>";
		};
		FA0A6A3A1BEA4FE300FC516E /* APOperations */ = {
			isa = PBXGroup;
			children = (
				FA436DB81D6B963400D0E172 /* APInvalidInitializerMacro.h */,
				FA436DB91D6B963400D0E172 /* APOperations.h */,
				FA436DD71D6B963400D0E172 /* Operation Queue */,
				FA436DDA1D6B963400D0E172 /* Operations */,
				FA436DBA1D6B963400D0E172 /* Conditions */,
				FA436DCD1D6B963400D0E172 /* Observers */,
				FA436DC61D6B963400D0E172 /* Controllers */,
				FA436DAF1D6B960700D0E172 /* Extensions */,
				FAE1BAB01C08111A0033CF49 /* Supporting Files */,
			);
			path = APOperations;
			sourceTree = "<group>";
		};
		FA436DAF1D6B960700D0E172 /* Extensions */ = {
			isa = PBXGroup;
			children = (
				FA436DB01D6B960700D0E172 /* NSError+APOperationErrors.h */,
				FA436DB11D6B960700D0E172 /* NSError+APOperationErrors.m */,
				FA436DB21D6B960700D0E172 /* NSOperation+APOperation.h */,
				FA436DB31D6B960700D0E172 /* NSOperation+APOperation.m */,
			);
			path = Extensions;
			sourceTree = "<group>";
		};
		FA436DBA1D6B963400D0E172 /* Conditions */ = {
			isa = PBXGroup;
			children = (
				FA436DBB1D6B963400D0E172 /* APCalendarCondition.h */,
				FA436DBC1D6B963400D0E172 /* APCalendarCondition.m */,
				FA436DBD1D6B963400D0E172 /* APLocationCondition.h */,
				FA436DBE1D6B963400D0E172 /* APLocationCondition.m */,
				FA436DBF1D6B963400D0E172 /* APMutuallyExclusiveCondition.h */,
				FA436DC01D6B963400D0E172 /* APMutuallyExclusiveCondition.m */,
				FA436DC11D6B963400D0E172 /* APOperationCondition.h */,
				FA436DC21D6B963400D0E172 /* APOperationConditionEvaluator.h */,
				FA436DC31D6B963400D0E172 /* APOperationConditionEvaluator.m */,
				FA436DC41D6B963400D0E172 /* APReachabilityCondition.h */,
				FA436DC51D6B963400D0E172 /* APReachabilityCondition.m */,
			);
			path = Conditions;
			sourceTree = "<group>";
		};
		FA436DC61D6B963400D0E172 /* Controllers */ = {
			isa = PBXGroup;
			children = (
				FA436DC71D6B963400D0E172 /* APExclusivityController.h */,
				FA436DC81D6B963400D0E172 /* APExclusivityController.m */,
				FA436DC91D6B963400D0E172 /* APNetworkIndicatorController.h */,
				FA436DCA1D6B963400D0E172 /* APNetworkIndicatorController.m */,
				FA436DCB1D6B963400D0E172 /* APReachabilityController.h */,
				FA436DCC1D6B963400D0E172 /* APReachabilityController.m */,
			);
			path = Controllers;
			sourceTree = "<group>";
		};
		FA436DCD1D6B963400D0E172 /* Observers */ = {
			isa = PBXGroup;
			children = (
				FA436DCE1D6B963400D0E172 /* APBackgroundObserver.h */,
				FA436DCF1D6B963400D0E172 /* APBackgroundObserver.m */,
				FA436DD01D6B963400D0E172 /* APBlockObserver.h */,
				FA436DD11D6B963400D0E172 /* APBlockObserver.m */,
				FA436DD21D6B963400D0E172 /* APNetworkObserver.h */,
				FA436DD31D6B963400D0E172 /* APNetworkObserver.m */,
				FA436DD41D6B963400D0E172 /* APOperationObserver.h */,
				FA436DD51D6B963400D0E172 /* APTimeoutObserver.h */,
				FA436DD61D6B963400D0E172 /* APTimeoutObserver.m */,
			);
			path = Observers;
			sourceTree = "<group>";
		};
		FA436DD71D6B963400D0E172 /* Operation Queue */ = {
			isa = PBXGroup;
			children = (
				FA436DD81D6B963400D0E172 /* APOperationQueue.h */,
				FA436DD91D6B963400D0E172 /* APOperationQueue.m */,
			);
			path = "Operation Queue";
			sourceTree = "<group>";
		};
		FA436DDA1D6B963400D0E172 /* Operations */ = {
			isa = PBXGroup;
			children = (
				FA436DDB1D6B963400D0E172 /* APAlertOperation.h */,
				FA436DDC1D6B963400D0E172 /* APAlertOperation.m */,
				FA436DDD1D6B963400D0E172 /* APBlockOperation.h */,
				FA436DDE1D6B963400D0E172 /* APBlockOperation.m */,
				FA436DDF1D6B963400D0E172 /* APDelayOperation.h */,
				FA436DE01D6B963400D0E172 /* APDelayOperation.m */,
				FA436DE11D6B963400D0E172 /* APGroupOperation.h */,
				FA436DE21D6B963400D0E172 /* APGroupOperation.m */,
				FA436DE31D6B963400D0E172 /* APLocationOperation.h */,
				FA436DE41D6B963400D0E172 /* APLocationOperation.m */,
				FA436DE51D6B963400D0E172 /* APNetworkOperation.h */,
				FA436DE61D6B963400D0E172 /* APNetworkOperation.m */,
				FA436DE71D6B963400D0E172 /* APOperation.h */,
				FA436DE81D6B963400D0E172 /* APOperation.m */,
			);
			path = Operations;
			sourceTree = "<group>";
		};
		FAE1BAA61C0811010033CF49 /* APOperationsTests */ = {
			isa = PBXGroup;
			children = (
				FAE1BAA71C0811010033CF49 /* APOperationsTests.m */,
				FAE1BAB11C0812480033CF49 /* APTestCondition.h */,
				FAE1BAB21C0812480033CF49 /* APTestCondition.m */,
				FAE1BAB41C0813E30033CF49 /* APTestObserver.h */,
				FAE1BAB51C0813E30033CF49 /* APTestObserver.m */,
				FAAAF46E1C08C6390008E8A6 /* APWaitOperation.h */,
				FAAAF46F1C08C6390008E8A6 /* APWaitOperation.m */,
				FAE1BAA91C0811010033CF49 /* Info.plist */,
			);
			path = APOperationsTests;
			sourceTree = "<group>";
		};
		FAE1BAB01C08111A0033CF49 /* Supporting Files */ = {
			isa = PBXGroup;
			children = (
				FA0A6A3D1BEA4FE300FC516E /* Info.plist */,
			);
			name = "Supporting Files";
			sourceTree = "<group>";
		};
/* End PBXGroup section */

/* Begin PBXHeadersBuildPhase section */
		FA0A6A351BEA4FE300FC516E /* Headers */ = {
			isa = PBXHeadersBuildPhase;
			buildActionMask = 2147483647;
			files = (
				FA436DF41D6B963400D0E172 /* APReachabilityCondition.h in Headers */,
				FA436DEF1D6B963400D0E172 /* APMutuallyExclusiveCondition.h in Headers */,
				FA436E111D6B963400D0E172 /* APNetworkOperation.h in Headers */,
				FA436DB41D6B960700D0E172 /* NSError+APOperationErrors.h in Headers */,
				FA436DEA1D6B963400D0E172 /* APOperations.h in Headers */,
				FA436DB61D6B960700D0E172 /* NSOperation+APOperation.h in Headers */,
				FA436E091D6B963400D0E172 /* APBlockOperation.h in Headers */,
				FA436E021D6B963400D0E172 /* APOperationObserver.h in Headers */,
				FA436DE91D6B963400D0E172 /* APInvalidInitializerMacro.h in Headers */,
				FA436DF11D6B963400D0E172 /* APOperationCondition.h in Headers */,
				FA436E051D6B963400D0E172 /* APOperationQueue.h in Headers */,
				FA436DED1D6B963400D0E172 /* APLocationCondition.h in Headers */,
				FA436E071D6B963400D0E172 /* APAlertOperation.h in Headers */,
				FA436E031D6B963400D0E172 /* APTimeoutObserver.h in Headers */,
				FA436DF81D6B963400D0E172 /* APNetworkIndicatorController.h in Headers */,
				FA436E131D6B963400D0E172 /* APOperation.h in Headers */,
				FA436E0F1D6B963400D0E172 /* APLocationOperation.h in Headers */,
				FA436DEB1D6B963400D0E172 /* APCalendarCondition.h in Headers */,
				FA436DF61D6B963400D0E172 /* APExclusivityController.h in Headers */,
				FA436E0D1D6B963400D0E172 /* APGroupOperation.h in Headers */,
				FA436DFE1D6B963400D0E172 /* APBlockObserver.h in Headers */,
				FA436E001D6B963400D0E172 /* APNetworkObserver.h in Headers */,
				FA436DFA1D6B963400D0E172 /* APReachabilityController.h in Headers */,
				FA436E0B1D6B963400D0E172 /* APDelayOperation.h in Headers */,
				FA436DF21D6B963400D0E172 /* APOperationConditionEvaluator.h in Headers */,
				FA436DFC1D6B963400D0E172 /* APBackgroundObserver.h in Headers */,
			);
			runOnlyForDeploymentPostprocessing = 0;
		};
/* End PBXHeadersBuildPhase section */

/* Begin PBXNativeTarget section */
		FA0A6A371BEA4FE300FC516E /* APOperations */ = {
			isa = PBXNativeTarget;
			buildConfigurationList = FA0A6A401BEA4FE300FC516E /* Build configuration list for PBXNativeTarget "APOperations" */;
			buildPhases = (
				FA0A6A331BEA4FE300FC516E /* Sources */,
				FA0A6A341BEA4FE300FC516E /* Frameworks */,
				FA0A6A351BEA4FE300FC516E /* Headers */,
				FA0A6A361BEA4FE300FC516E /* Resources */,
			);
			buildRules = (
			);
			dependencies = (
			);
			name = APOperations;
			productName = APOperations;
			productReference = FA0A6A381BEA4FE300FC516E /* APOperations.framework */;
			productType = "com.apple.product-type.framework";
		};
		FAE1BAA41C0811010033CF49 /* APOperationsTests */ = {
			isa = PBXNativeTarget;
			buildConfigurationList = FAE1BAAD1C0811010033CF49 /* Build configuration list for PBXNativeTarget "APOperationsTests" */;
			buildPhases = (
				FAE1BAA11C0811010033CF49 /* Sources */,
				FAE1BAA21C0811010033CF49 /* Frameworks */,
				FAE1BAA31C0811010033CF49 /* Resources */,
			);
			buildRules = (
			);
			dependencies = (
				FAE1BAAC1C0811010033CF49 /* PBXTargetDependency */,
			);
			name = APOperationsTests;
			productName = APOperationsTests;
			productReference = FAE1BAA51C0811010033CF49 /* APOperationsTests.xctest */;
			productType = "com.apple.product-type.bundle.unit-test";
		};
/* End PBXNativeTarget section */

/* Begin PBXProject section */
		FA0A6A2F1BEA4FE300FC516E /* Project object */ = {
			isa = PBXProject;
			attributes = {
				CLASSPREFIX = AP;
				LastUpgradeCheck = 0800;
				ORGANIZATIONNAME = "Alex Perez";
				TargetAttributes = {
					FA0A6A371BEA4FE300FC516E = {
						CreatedOnToolsVersion = 7.1;
					};
					FA430AC01C077EF000D38567 = {
						CreatedOnToolsVersion = 7.1.1;
					};
					FAE1BAA41C0811010033CF49 = {
						CreatedOnToolsVersion = 7.1.1;
					};
				};
			};
			buildConfigurationList = FA0A6A321BEA4FE300FC516E /* Build configuration list for PBXProject "APOperations" */;
			compatibilityVersion = "Xcode 3.2";
			developmentRegion = English;
			hasScannedForEncodings = 0;
			knownRegions = (
				en,
			);
			mainGroup = FA0A6A2E1BEA4FE300FC516E;
			productRefGroup = FA0A6A391BEA4FE300FC516E /* Products */;
			projectDirPath = "";
			projectRoot = "";
			targets = (
				FA0A6A371BEA4FE300FC516E /* APOperations */,
				FA430AC01C077EF000D38567 /* APOperations-Universal */,
				FAE1BAA41C0811010033CF49 /* APOperationsTests */,
			);
		};
/* End PBXProject section */

/* Begin PBXResourcesBuildPhase section */
		FA0A6A361BEA4FE300FC516E /* Resources */ = {
			isa = PBXResourcesBuildPhase;
			buildActionMask = 2147483647;
			files = (
			);
			runOnlyForDeploymentPostprocessing = 0;
		};
		FAE1BAA31C0811010033CF49 /* Resources */ = {
			isa = PBXResourcesBuildPhase;
			buildActionMask = 2147483647;
			files = (
			);
			runOnlyForDeploymentPostprocessing = 0;
		};
/* End PBXResourcesBuildPhase section */

/* Begin PBXShellScriptBuildPhase section */
		FA430AC41C077EFA00D38567 /* ShellScript */ = {
			isa = PBXShellScriptBuildPhase;
			buildActionMask = 2147483647;
			files = (
			);
			inputPaths = (
			);
			outputPaths = (
			);
			runOnlyForDeploymentPostprocessing = 0;
			shellPath = /bin/sh;
			shellScript = "FRAMEWORK_NAME=\"APOperations\"\n\nSIMULATOR_LIBRARY_PATH=\"${BUILD_DIR}/${CONFIGURATION}-iphonesimulator/${FRAMEWORK_NAME}.framework\"\n\nDEVICE_LIBRARY_PATH=\"${BUILD_DIR}/${CONFIGURATION}-iphoneos/${FRAMEWORK_NAME}.framework\"\n\nUNIVERSAL_LIBRARY_DIR=\"${BUILD_DIR}/${CONFIGURATION}-iphoneuniversal\"\n\nFRAMEWORK=\"${UNIVERSAL_LIBRARY_DIR}/${FRAMEWORK_NAME}.framework\"\n\n\n######################\n# Build Framework for device and simulator\n######################\n\nxcodebuild -target ${FRAMEWORK_NAME} -configuration ${CONFIGURATION} -sdk iphonesimulator clean build CONFIGURATION_BUILD_DIR=${BUILD_DIR}/${CONFIGURATION}-iphonesimulator CONFIGURATION_TEMP_DIR=${BUILD_DIR}/../Intermediates ONLY_ACTIVE_ARCH=NO\n\nxcodebuild -target ${FRAMEWORK_NAME} -configuration ${CONFIGURATION} -sdk iphoneos clean build CONFIGURATION_BUILD_DIR=${BUILD_DIR}/${CONFIGURATION}-iphoneos CONFIGURATION_TEMP_DIR=${BUILD_DIR}/../Intermediates ONLY_ACTIVE_ARCH=NO\n\n######################\n# Create directory for universal\n######################\n\nrm -rf \"${UNIVERSAL_LIBRARY_DIR}\"\nmkdir \"${UNIVERSAL_LIBRARY_DIR}\"\nmkdir \"${FRAMEWORK}\"\n\n######################\n# Copy files Framework\n######################\n\ncp -r \"${DEVICE_LIBRARY_PATH}/.\" \"${FRAMEWORK}\"\n\n######################\n# Make an universal binary\n######################\n\nlipo \"${SIMULATOR_LIBRARY_PATH}/${FRAMEWORK_NAME}\" \"${DEVICE_LIBRARY_PATH}/${FRAMEWORK_NAME}\" -create -output \"${FRAMEWORK}/${FRAMEWORK_NAME}\" | echo\n\n######################\n# Copy framework to Georgia Tech Directory\n######################\n\nOUTPUT_DIR=\"/Users/Alex/Alex's Docs/Xcode/Alex Projects/Georgia Tech Project/GeorgiaTech/Frameworks/\"\nmkdir -p \"$OUTPUT_DIR\"\ncp -r \"${FRAMEWORK}\" \"$OUTPUT_DIR\"\n\n######################\n# Delete intermediates build directory\n######################\n\nrm -rf \"${SRCROOT}/build\"";
		};
/* End PBXShellScriptBuildPhase section */

/* Begin PBXSourcesBuildPhase section */
		FA0A6A331BEA4FE300FC516E /* Sources */ = {
			isa = PBXSourcesBuildPhase;
			buildActionMask = 2147483647;
			files = (
				FA436E0C1D6B963400D0E172 /* APDelayOperation.m in Sources */,
				FA436E041D6B963400D0E172 /* APTimeoutObserver.m in Sources */,
				FA436E0E1D6B963400D0E172 /* APGroupOperation.m in Sources */,
				FA436DB71D6B960700D0E172 /* NSOperation+APOperation.m in Sources */,
				FA436E121D6B963400D0E172 /* APNetworkOperation.m in Sources */,
				FA436DEE1D6B963400D0E172 /* APLocationCondition.m in Sources */,
				FA436E141D6B963400D0E172 /* APOperation.m in Sources */,
				FA436DF71D6B963400D0E172 /* APExclusivityController.m in Sources */,
				FA436DF51D6B963400D0E172 /* APReachabilityCondition.m in Sources */,
				FA436DF31D6B963400D0E172 /* APOperationConditionEvaluator.m in Sources */,
				FA436DF01D6B963400D0E172 /* APMutuallyExclusiveCondition.m in Sources */,
				FA436E081D6B963400D0E172 /* APAlertOperation.m in Sources */,
				FA436E0A1D6B963400D0E172 /* APBlockOperation.m in Sources */,
				FA436E101D6B963400D0E172 /* APLocationOperation.m in Sources */,
				FA436E011D6B963400D0E172 /* APNetworkObserver.m in Sources */,
				FA436DF91D6B963400D0E172 /* APNetworkIndicatorController.m in Sources */,
				FA436DFB1D6B963400D0E172 /* APReachabilityController.m in Sources */,
				FA436DFF1D6B963400D0E172 /* APBlockObserver.m in Sources */,
				FA436E061D6B963400D0E172 /* APOperationQueue.m in Sources */,
				FA436DEC1D6B963400D0E172 /* APCalendarCondition.m in Sources */,
				FA436DB51D6B960700D0E172 /* NSError+APOperationErrors.m in Sources */,
				FA436DFD1D6B963400D0E172 /* APBackgroundObserver.m in Sources */,
			);
			runOnlyForDeploymentPostprocessing = 0;
		};
		FAE1BAA11C0811010033CF49 /* Sources */ = {
			isa = PBXSourcesBuildPhase;
			buildActionMask = 2147483647;
			files = (
				FAE1BAB61C0813E30033CF49 /* APTestObserver.m in Sources */,
				FAE1BAB31C0812480033CF49 /* APTestCondition.m in Sources */,
				FAE1BAA81C0811010033CF49 /* APOperationsTests.m in Sources */,
				FAAAF4701C08C6390008E8A6 /* APWaitOperation.m in Sources */,
			);
			runOnlyForDeploymentPostprocessing = 0;
		};
/* End PBXSourcesBuildPhase section */

/* Begin PBXTargetDependency section */
		FAE1BAAC1C0811010033CF49 /* PBXTargetDependency */ = {
			isa = PBXTargetDependency;
			target = FA0A6A371BEA4FE300FC516E /* APOperations */;
			targetProxy = FAE1BAAB1C0811010033CF49 /* PBXContainerItemProxy */;
		};
/* End PBXTargetDependency section */

/* Begin XCBuildConfiguration section */
		FA0A6A3E1BEA4FE300FC516E /* Debug */ = {
			isa = XCBuildConfiguration;
			buildSettings = {
				ALWAYS_SEARCH_USER_PATHS = NO;
				CLANG_CXX_LANGUAGE_STANDARD = "gnu++0x";
				CLANG_CXX_LIBRARY = "libc++";
				CLANG_ENABLE_MODULES = YES;
				CLANG_ENABLE_OBJC_ARC = YES;
				CLANG_WARN_BOOL_CONVERSION = YES;
				CLANG_WARN_CONSTANT_CONVERSION = YES;
				CLANG_WARN_DIRECT_OBJC_ISA_USAGE = YES_ERROR;
				CLANG_WARN_EMPTY_BODY = YES;
				CLANG_WARN_ENUM_CONVERSION = YES;
				CLANG_WARN_INFINITE_RECURSION = YES;
				CLANG_WARN_INT_CONVERSION = YES;
				CLANG_WARN_OBJC_ROOT_CLASS = YES_ERROR;
				CLANG_WARN_SUSPICIOUS_MOVE = YES;
				CLANG_WARN_UNREACHABLE_CODE = YES;
				CLANG_WARN__DUPLICATE_METHOD_MATCH = YES;
				"CODE_SIGN_IDENTITY[sdk=iphoneos*]" = "iPhone Developer";
				COPY_PHASE_STRIP = NO;
				CURRENT_PROJECT_VERSION = 1;
				DEBUG_INFORMATION_FORMAT = dwarf;
				ENABLE_STRICT_OBJC_MSGSEND = YES;
				ENABLE_TESTABILITY = YES;
				GCC_C_LANGUAGE_STANDARD = gnu99;
				GCC_DYNAMIC_NO_PIC = NO;
				GCC_NO_COMMON_BLOCKS = YES;
				GCC_OPTIMIZATION_LEVEL = 0;
				GCC_PREPROCESSOR_DEFINITIONS = (
					"DEBUG=1",
					"$(inherited)",
				);
				GCC_WARN_64_TO_32_BIT_CONVERSION = YES;
				GCC_WARN_ABOUT_RETURN_TYPE = YES_ERROR;
				GCC_WARN_UNDECLARED_SELECTOR = YES;
				GCC_WARN_UNINITIALIZED_AUTOS = YES_AGGRESSIVE;
				GCC_WARN_UNUSED_FUNCTION = YES;
				GCC_WARN_UNUSED_VARIABLE = YES;
				IPHONEOS_DEPLOYMENT_TARGET = 8.0;
				MTL_ENABLE_DEBUG_INFO = YES;
				ONLY_ACTIVE_ARCH = YES;
				SDKROOT = iphoneos;
				TARGETED_DEVICE_FAMILY = "1,2";
				VERSIONING_SYSTEM = "apple-generic";
				VERSION_INFO_PREFIX = "";
			};
			name = Debug;
		};
		FA0A6A3F1BEA4FE300FC516E /* Release */ = {
			isa = XCBuildConfiguration;
			buildSettings = {
				ALWAYS_SEARCH_USER_PATHS = NO;
				CLANG_CXX_LANGUAGE_STANDARD = "gnu++0x";
				CLANG_CXX_LIBRARY = "libc++";
				CLANG_ENABLE_MODULES = YES;
				CLANG_ENABLE_OBJC_ARC = YES;
				CLANG_WARN_BOOL_CONVERSION = YES;
				CLANG_WARN_CONSTANT_CONVERSION = YES;
				CLANG_WARN_DIRECT_OBJC_ISA_USAGE = YES_ERROR;
				CLANG_WARN_EMPTY_BODY = YES;
				CLANG_WARN_ENUM_CONVERSION = YES;
				CLANG_WARN_INFINITE_RECURSION = YES;
				CLANG_WARN_INT_CONVERSION = YES;
				CLANG_WARN_OBJC_ROOT_CLASS = YES_ERROR;
				CLANG_WARN_SUSPICIOUS_MOVE = YES;
				CLANG_WARN_UNREACHABLE_CODE = YES;
				CLANG_WARN__DUPLICATE_METHOD_MATCH = YES;
				"CODE_SIGN_IDENTITY[sdk=iphoneos*]" = "iPhone Developer";
				COPY_PHASE_STRIP = NO;
				CURRENT_PROJECT_VERSION = 1;
				DEBUG_INFORMATION_FORMAT = "dwarf-with-dsym";
				ENABLE_NS_ASSERTIONS = NO;
				ENABLE_STRICT_OBJC_MSGSEND = YES;
				GCC_C_LANGUAGE_STANDARD = gnu99;
				GCC_NO_COMMON_BLOCKS = YES;
				GCC_WARN_64_TO_32_BIT_CONVERSION = YES;
				GCC_WARN_ABOUT_RETURN_TYPE = YES_ERROR;
				GCC_WARN_UNDECLARED_SELECTOR = YES;
				GCC_WARN_UNINITIALIZED_AUTOS = YES_AGGRESSIVE;
				GCC_WARN_UNUSED_FUNCTION = YES;
				GCC_WARN_UNUSED_VARIABLE = YES;
				IPHONEOS_DEPLOYMENT_TARGET = 8.0;
				MTL_ENABLE_DEBUG_INFO = NO;
				SDKROOT = iphoneos;
				TARGETED_DEVICE_FAMILY = "1,2";
				VALIDATE_PRODUCT = YES;
				VERSIONING_SYSTEM = "apple-generic";
				VERSION_INFO_PREFIX = "";
			};
			name = Release;
		};
		FA0A6A411BEA4FE300FC516E /* Debug */ = {
			isa = XCBuildConfiguration;
			buildSettings = {
				APPLICATION_EXTENSION_API_ONLY = NO;
				CLANG_WARN_DOCUMENTATION_COMMENTS = YES;
				"CODE_SIGN_IDENTITY[sdk=iphoneos*]" = "";
				DEFINES_MODULE = YES;
				DYLIB_COMPATIBILITY_VERSION = 1;
				DYLIB_CURRENT_VERSION = 1;
				DYLIB_INSTALL_NAME_BASE = "@rpath";
				INFOPLIST_FILE = APOperations/Info.plist;
				INSTALL_PATH = "$(LOCAL_LIBRARY_DIR)/Frameworks";
				IPHONEOS_DEPLOYMENT_TARGET = 8.0;
				LD_RUNPATH_SEARCH_PATHS = "$(inherited) @executable_path/Frameworks @loader_path/Frameworks";
				PRODUCT_BUNDLE_IDENTIFIER = com.alexperez.APOperations;
				PRODUCT_NAME = "$(TARGET_NAME)";
				SKIP_INSTALL = YES;
			};
			name = Debug;
		};
		FA0A6A421BEA4FE300FC516E /* Release */ = {
			isa = XCBuildConfiguration;
			buildSettings = {
				APPLICATION_EXTENSION_API_ONLY = NO;
				CLANG_WARN_DOCUMENTATION_COMMENTS = YES;
				"CODE_SIGN_IDENTITY[sdk=iphoneos*]" = "";
				DEFINES_MODULE = YES;
				DYLIB_COMPATIBILITY_VERSION = 1;
				DYLIB_CURRENT_VERSION = 1;
				DYLIB_INSTALL_NAME_BASE = "@rpath";
				INFOPLIST_FILE = APOperations/Info.plist;
				INSTALL_PATH = "$(LOCAL_LIBRARY_DIR)/Frameworks";
				IPHONEOS_DEPLOYMENT_TARGET = 8.0;
				LD_RUNPATH_SEARCH_PATHS = "$(inherited) @executable_path/Frameworks @loader_path/Frameworks";
				PRODUCT_BUNDLE_IDENTIFIER = com.alexperez.APOperations;
				PRODUCT_NAME = "$(TARGET_NAME)";
				SKIP_INSTALL = YES;
			};
			name = Release;
		};
		FA430AC21C077EF000D38567 /* Debug */ = {
			isa = XCBuildConfiguration;
			buildSettings = {
				PRODUCT_NAME = "$(TARGET_NAME)";
			};
			name = Debug;
		};
		FA430AC31C077EF000D38567 /* Release */ = {
			isa = XCBuildConfiguration;
			buildSettings = {
				PRODUCT_NAME = "$(TARGET_NAME)";
			};
			name = Release;
		};
		FAE1BAAE1C0811010033CF49 /* Debug */ = {
			isa = XCBuildConfiguration;
			buildSettings = {
				INFOPLIST_FILE = APOperationsTests/Info.plist;
				LD_RUNPATH_SEARCH_PATHS = "$(inherited) @executable_path/Frameworks @loader_path/Frameworks";
				PRODUCT_BUNDLE_IDENTIFIER = com.alexperez.APOperationsTests;
				PRODUCT_NAME = "$(TARGET_NAME)";
			};
			name = Debug;
		};
		FAE1BAAF1C0811010033CF49 /* Release */ = {
			isa = XCBuildConfiguration;
			buildSettings = {
				INFOPLIST_FILE = APOperationsTests/Info.plist;
				LD_RUNPATH_SEARCH_PATHS = "$(inherited) @executable_path/Frameworks @loader_path/Frameworks";
				PRODUCT_BUNDLE_IDENTIFIER = com.alexperez.APOperationsTests;
				PRODUCT_NAME = "$(TARGET_NAME)";
			};
			name = Release;
		};
/* End XCBuildConfiguration section */

/* Begin XCConfigurationList section */
		FA0A6A321BEA4FE300FC516E /* Build configuration list for PBXProject "APOperations" */ = {
			isa = XCConfigurationList;
			buildConfigurations = (
				FA0A6A3E1BEA4FE300FC516E /* Debug */,
				FA0A6A3F1BEA4FE300FC516E /* Release */,
			);
			defaultConfigurationIsVisible = 0;
			defaultConfigurationName = Release;
		};
		FA0A6A401BEA4FE300FC516E /* Build configuration list for PBXNativeTarget "APOperations" */ = {
			isa = XCConfigurationList;
			buildConfigurations = (
				FA0A6A411BEA4FE300FC516E /* Debug */,
				FA0A6A421BEA4FE300FC516E /* Release */,
			);
			defaultConfigurationIsVisible = 0;
			defaultConfigurationName = Release;
		};
		FA430AC11C077EF000D38567 /* Build configuration list for PBXAggregateTarget "APOperations-Universal" */ = {
			isa = XCConfigurationList;
			buildConfigurations = (
				FA430AC21C077EF000D38567 /* Debug */,
				FA430AC31C077EF000D38567 /* Release */,
			);
			defaultConfigurationIsVisible = 0;
			defaultConfigurationName = Release;
		};
		FAE1BAAD1C0811010033CF49 /* Build configuration list for PBXNativeTarget "APOperationsTests" */ = {
			isa = XCConfigurationList;
			buildConfigurations = (
				FAE1BAAE1C0811010033CF49 /* Debug */,
				FAE1BAAF1C0811010033CF49 /* Release */,
			);
			defaultConfigurationIsVisible = 0;
			defaultConfigurationName = Release;
		};
/* End XCConfigurationList section */
	};
	rootObject = FA0A6A2F1BEA4FE300FC516E /* Project object */;
}
